
Microsoft Visual Studio Solution File, Format Version 12.00
# Visual Studio Version 17
VisualStudioVersion = 17.13.35825.156
MinimumVisualStudioVersion = 10.0.40219.1
Project("{FAE04EC0-301F-11D3-BF4B-00C04F79EFBC}") = "Schools", "Schools.csproj", "{8F9E7AE4-B7E4-4D2C-91FD-D410471FBFB4}"
EndProject
Project("{FAE04EC0-301F-11D3-BF4B-00C04F79EFBC}") = "Schools-Busineslayer", "..\Schools-Busineslayer\Schools-Busineslayer.csproj", "{1BF73594-A2DB-4A9B-8833-956618F199B6}"
EndProject
Project("{FAE04EC0-301F-11D3-BF4B-00C04F79EFBC}") = "Datalayer", "..\Datalayer\Datalayer.csproj", "{26479223-66F7-4EC7-B001-5013C8099E00}"
EndProject
Global
	GlobalSection(SolutionConfigurationPlatforms) = preSolution
		Debug|Any CPU = Debug|Any CPU
		Release|Any CPU = Release|Any CPU
	EndGlobalSection
	GlobalSection(ProjectConfigurationPlatforms) = postSolution
		{8F9E7AE4-B7E4-4D2C-91FD-D410471FBFB4}.Debug|Any CPU.ActiveCfg = Debug|Any CPU
		{8F9E7AE4-B7E4-4D2C-91FD-D410471FBFB4}.Debug|Any CPU.Build.0 = Debug|Any CPU
		{8F9E7AE4-B7E4-4D2C-91FD-D410471FBFB4}.Release|Any CPU.ActiveCfg = Release|Any CPU
		{8F9E7AE4-B7E4-4D2C-91FD-D410471FBFB4}.Release|Any CPU.Build.0 = Release|Any CPU
		{1BF73594-A2DB-4A9B-8833-956618F199B6}.Debug|Any CPU.ActiveCfg = Debug|Any CPU
		{1BF73594-A2DB-4A9B-8833-956618F199B6}.Debug|Any CPU.Build.0 = Debug|Any CPU
		{1BF73594-A2DB-4A9B-8833-956618F199B6}.Release|Any CPU.ActiveCfg = Release|Any CPU
		{1BF73594-A2DB-4A9B-8833-956618F199B6}.Release|Any CPU.Build.0 = Release|Any CPU
		{26479223-66F7-4EC7-B001-5013C8099E00}.Debug|Any CPU.ActiveCfg = Debug|Any CPU
		{26479223-66F7-4EC7-B001-5013C8099E00}.Debug|Any CPU.Build.0 = Debug|Any CPU
		{26479223-66F7-4EC7-B001-5013C8099E00}.Release|Any CPU.ActiveCfg = Release|Any CPU
		{26479223-66F7-4EC7-B001-5013C8099E00}.Release|Any CPU.Build.0 = Release|Any CPU
	EndGlobalSection
	GlobalSection(SolutionProperties) = preSolution
		HideSolutionNode = FALSE
	EndGlobalSection
	GlobalSection(ExtensibilityGlobals) = postSolution
		SolutionGuid = {24A94C5C-94C8-42F7-80BE-6BD034C17870}
	EndGlobalSection
EndGlobal
